
Microsoft Visual Studio Solution File, Format Version 12.00
# Visual Studio 15
VisualStudioVersion = 15.0.28307.421
MinimumVisualStudioVersion = 10.0.40219.1
Project("{FAE04EC0-301F-11D3-BF4B-00C04F79EFBC}") = "App02_TipoPaginaXF.Android", "App02_TipoPaginaXF\App02_TipoPaginaXF.Android\App02_TipoPaginaXF.Android.csproj", "{702B1112-88D1-4FAC-9A45-10F6D175D04E}"
EndProject
Project("{FAE04EC0-301F-11D3-BF4B-00C04F79EFBC}") = "App02_TipoPaginaXF.iOS", "App02_TipoPaginaXF\App02_TipoPaginaXF.iOS\App02_TipoPaginaXF.iOS.csproj", "{712E9DF1-4722-4814-B86F-D43D4B4246CA}"
EndProject
Project("{FAE04EC0-301F-11D3-BF4B-00C04F79EFBC}") = "App02_TipoPaginaXF.UWP", "App02_TipoPaginaXF\App02_TipoPaginaXF.UWP\App02_TipoPaginaXF.UWP.csproj", "{4C4A956C-1B09-47DF-9C71-C350DAD84302}"
EndProject
Project("{FAE04EC0-301F-11D3-BF4B-00C04F79EFBC}") = "App02_TipoPaginaXF", "App02_TipoPaginaXF\App02_TipoPaginaXF\App02_TipoPaginaXF.csproj", "{D6D8F2F8-F46D-4F4D-9548-53652B913C91}"
EndProject
Global
	GlobalSection(SolutionConfigurationPlatforms) = preSolution
		Ad-Hoc|Any CPU = Ad-Hoc|Any CPU
		Ad-Hoc|ARM = Ad-Hoc|ARM
		Ad-Hoc|iPhone = Ad-Hoc|iPhone
		Ad-Hoc|iPhoneSimulator = Ad-Hoc|iPhoneSimulator
		Ad-Hoc|x64 = Ad-Hoc|x64
		Ad-Hoc|x86 = Ad-Hoc|x86
		AppStore|Any CPU = AppStore|Any CPU
		AppStore|ARM = AppStore|ARM
		AppStore|iPhone = AppStore|iPhone
		AppStore|iPhoneSimulator = AppStore|iPhoneSimulator
		AppStore|x64 = AppStore|x64
		AppStore|x86 = AppStore|x86
		Debug|Any CPU = Debug|Any CPU
		Debug|ARM = Debug|ARM
		Debug|iPhone = Debug|iPhone
		Debug|iPhoneSimulator = Debug|iPhoneSimulator
		Debug|x64 = Debug|x64
		Debug|x86 = Debug|x86
		Release|Any CPU = Release|Any CPU
		Release|ARM = Release|ARM
		Release|iPhone = Release|iPhone
		Release|iPhoneSimulator = Release|iPhoneSimulator
		Release|x64 = Release|x64
		Release|x86 = Release|x86
	EndGlobalSection
	GlobalSection(ProjectConfigurationPlatforms) = postSolution
		{702B1112-88D1-4FAC-9A45-10F6D175D04E}.Ad-Hoc|Any CPU.ActiveCfg = Release|Any CPU
		{702B1112-88D1-4FAC-9A45-10F6D175D04E}.Ad-Hoc|Any CPU.Build.0 = Release|Any CPU
		{702B1112-88D1-4FAC-9A45-10F6D175D04E}.Ad-Hoc|Any CPU.Deploy.0 = Release|Any CPU
		{702B1112-88D1-4FAC-9A45-10F6D175D04E}.Ad-Hoc|ARM.ActiveCfg = Release|Any CPU
		{702B1112-88D1-4FAC-9A45-10F6D175D04E}.Ad-Hoc|ARM.Build.0 = Release|Any CPU
		{702B1112-88D1-4FAC-9A45-10F6D175D04E}.Ad-Hoc|ARM.Deploy.0 = Release|Any CPU
		{702B1112-88D1-4FAC-9A45-10F6D175D04E}.Ad-Hoc|iPhone.ActiveCfg = Release|Any CPU
		{702B1112-88D1-4FAC-9A45-10F6D175D04E}.Ad-Hoc|iPhone.Build.0 = Release|Any CPU
		{702B1112-88D1-4FAC-9A45-10F6D175D04E}.Ad-Hoc|iPhone.Deploy.0 = Release|Any CPU
		{702B1112-88D1-4FAC-9A45-10F6D175D04E}.Ad-Hoc|iPhoneSimulator.ActiveCfg = Release|Any CPU
		{702B1112-88D1-4FAC-9A45-10F6D175D04E}.Ad-Hoc|iPhoneSimulator.Build.0 = Release|Any CPU
		{702B1112-88D1-4FAC-9A45-10F6D175D04E}.Ad-Hoc|iPhoneSimulator.Deploy.0 = Release|Any CPU
		{702B1112-88D1-4FAC-9A45-10F6D175D04E}.Ad-Hoc|x64.ActiveCfg = Release|Any CPU
		{702B1112-88D1-4FAC-9A45-10F6D175D04E}.Ad-Hoc|x64.Build.0 = Release|Any CPU
		{702B1112-88D1-4FAC-9A45-10F6D175D04E}.Ad-Hoc|x64.Deploy.0 = Release|Any CPU
		{702B1112-88D1-4FAC-9A45-10F6D175D04E}.Ad-Hoc|x86.ActiveCfg = Release|Any CPU
		{702B1112-88D1-4FAC-9A45-10F6D175D04E}.Ad-Hoc|x86.Build.0 = Release|Any CPU
		{702B1112-88D1-4FAC-9A45-10F6D175D04E}.Ad-Hoc|x86.Deploy.0 = Release|Any CPU
		{702B1112-88D1-4FAC-9A45-10F6D175D04E}.AppStore|Any CPU.ActiveCfg = Release|Any CPU
		{702B1112-88D1-4FAC-9A45-10F6D175D04E}.AppStore|Any CPU.Build.0 = Release|Any CPU
		{702B1112-88D1-4FAC-9A45-10F6D175D04E}.AppStore|Any CPU.Deploy.0 = Release|Any CPU
		{702B1112-88D1-4FAC-9A45-10F6D175D04E}.AppStore|ARM.ActiveCfg = Release|Any CPU
		{702B1112-88D1-4FAC-9A45-10F6D175D04E}.AppStore|ARM.Build.0 = Release|Any CPU
		{702B1112-88D1-4FAC-9A45-10F6D175D04E}.AppStore|ARM.Deploy.0 = Release|Any CPU
		{702B1112-88D1-4FAC-9A45-10F6D175D04E}.AppStore|iPhone.ActiveCfg = Release|Any CPU
		{702B1112-88D1-4FAC-9A45-10F6D175D04E}.AppStore|iPhone.Build.0 = Release|Any CPU
		{702B1112-88D1-4FAC-9A45-10F6D175D04E}.AppStore|iPhone.Deploy.0 = Release|Any CPU
		{702B1112-88D1-4FAC-9A45-10F6D175D04E}.AppStore|iPhoneSimulator.ActiveCfg = Release|Any CPU
		{702B1112-88D1-4FAC-9A45-10F6D175D04E}.AppStore|iPhoneSimulator.Build.0 = Release|Any CPU
		{702B1112-88D1-4FAC-9A45-10F6D175D04E}.AppStore|iPhoneSimulator.Deploy.0 = Release|Any CPU
		{702B1112-88D1-4FAC-9A45-10F6D175D04E}.AppStore|x64.ActiveCfg = Release|Any CPU
		{702B1112-88D1-4FAC-9A45-10F6D175D04E}.AppStore|x64.Build.0 = Release|Any CPU
		{702B1112-88D1-4FAC-9A45-10F6D175D04E}.AppStore|x64.Deploy.0 = Release|Any CPU
		{702B1112-88D1-4FAC-9A45-10F6D175D04E}.AppStore|x86.ActiveCfg = Release|Any CPU
		{702B1112-88D1-4FAC-9A45-10F6D175D04E}.AppStore|x86.Build.0 = Release|Any CPU
		{702B1112-88D1-4FAC-9A45-10F6D175D04E}.AppStore|x86.Deploy.0 = Release|Any CPU
		{702B1112-88D1-4FAC-9A45-10F6D175D04E}.Debug|Any CPU.ActiveCfg = Debug|Any CPU
		{702B1112-88D1-4FAC-9A45-10F6D175D04E}.Debug|Any CPU.Build.0 = Debug|Any CPU
		{702B1112-88D1-4FAC-9A45-10F6D175D04E}.Debug|Any CPU.Deploy.0 = Debug|Any CPU
		{702B1112-88D1-4FAC-9A45-10F6D175D04E}.Debug|ARM.ActiveCfg = Debug|Any CPU
		{702B1112-88D1-4FAC-9A45-10F6D175D04E}.Debug|ARM.Build.0 = Debug|Any CPU
		{702B1112-88D1-4FAC-9A45-10F6D175D04E}.Debug|ARM.Deploy.0 = Debug|Any CPU
		{702B1112-88D1-4FAC-9A45-10F6D175D04E}.Debug|iPhone.ActiveCfg = Debug|Any CPU
		{702B1112-88D1-4FAC-9A45-10F6D175D04E}.Debug|iPhone.Build.0 = Debug|Any CPU
		{702B1112-88D1-4FAC-9A45-10F6D175D04E}.Debug|iPhone.Deploy.0 = Debug|Any CPU
		{702B1112-88D1-4FAC-9A45-10F6D175D04E}.Debug|iPhoneSimulator.ActiveCfg = Debug|Any CPU
		{702B1112-88D1-4FAC-9A45-10F6D175D04E}.Debug|iPhoneSimulator.Build.0 = Debug|Any CPU
		{702B1112-88D1-4FAC-9A45-10F6D175D04E}.Debug|iPhoneSimulator.Deploy.0 = Debug|Any CPU
		{702B1112-88D1-4FAC-9A45-10F6D175D04E}.Debug|x64.ActiveCfg = Debug|Any CPU
		{702B1112-88D1-4FAC-9A45-10F6D175D04E}.Debug|x64.Build.0 = Debug|Any CPU
		{702B1112-88D1-4FAC-9A45-10F6D175D04E}.Debug|x64.Deploy.0 = Debug|Any CPU
		{702B1112-88D1-4FAC-9A45-10F6D175D04E}.Debug|x86.ActiveCfg = Debug|Any CPU
		{702B1112-88D1-4FAC-9A45-10F6D175D04E}.Debug|x86.Build.0 = Debug|Any CPU
		{702B1112-88D1-4FAC-9A45-10F6D175D04E}.Debug|x86.Deploy.0 = Debug|Any CPU
		{702B1112-88D1-4FAC-9A45-10F6D175D04E}.Release|Any CPU.ActiveCfg = Release|Any CPU
		{702B1112-88D1-4FAC-9A45-10F6D175D04E}.Release|Any CPU.Build.0 = Release|Any CPU
		{702B1112-88D1-4FAC-9A45-10F6D175D04E}.Release|Any CPU.Deploy.0 = Release|Any CPU
		{702B1112-88D1-4FAC-9A45-10F6D175D04E}.Release|ARM.ActiveCfg = Release|Any CPU
		{702B1112-88D1-4FAC-9A45-10F6D175D04E}.Release|ARM.Build.0 = Release|Any CPU
		{702B1112-88D1-4FAC-9A45-10F6D175D04E}.Release|ARM.Deploy.0 = Release|Any CPU
		{702B1112-88D1-4FAC-9A45-10F6D175D04E}.Release|iPhone.ActiveCfg = Release|Any CPU
		{702B1112-88D1-4FAC-9A45-10F6D175D04E}.Release|iPhone.Build.0 = Release|Any CPU
		{702B1112-88D1-4FAC-9A45-10F6D175D04E}.Release|iPhone.Deploy.0 = Release|Any CPU
		{702B1112-88D1-4FAC-9A45-10F6D175D04E}.Release|iPhoneSimulator.ActiveCfg = Release|Any CPU
		{702B1112-88D1-4FAC-9A45-10F6D175D04E}.Release|iPhoneSimulator.Build.0 = Release|Any CPU
		{702B1112-88D1-4FAC-9A45-10F6D175D04E}.Release|iPhoneSimulator.Deploy.0 = Release|Any CPU
		{702B1112-88D1-4FAC-9A45-10F6D175D04E}.Release|x64.ActiveCfg = Release|Any CPU
		{702B1112-88D1-4FAC-9A45-10F6D175D04E}.Release|x64.Build.0 = Release|Any CPU
		{702B1112-88D1-4FAC-9A45-10F6D175D04E}.Release|x64.Deploy.0 = Release|Any CPU
		{702B1112-88D1-4FAC-9A45-10F6D175D04E}.Release|x86.ActiveCfg = Release|Any CPU
		{702B1112-88D1-4FAC-9A45-10F6D175D04E}.Release|x86.Build.0 = Release|Any CPU
		{702B1112-88D1-4FAC-9A45-10F6D175D04E}.Release|x86.Deploy.0 = Release|Any CPU
		{712E9DF1-4722-4814-B86F-D43D4B4246CA}.Ad-Hoc|Any CPU.ActiveCfg = Ad-Hoc|iPhone
		{712E9DF1-4722-4814-B86F-D43D4B4246CA}.Ad-Hoc|Any CPU.Build.0 = Ad-Hoc|iPhone
		{712E9DF1-4722-4814-B86F-D43D4B4246CA}.Ad-Hoc|Any CPU.Deploy.0 = Ad-Hoc|iPhone
		{712E9DF1-4722-4814-B86F-D43D4B4246CA}.Ad-Hoc|ARM.ActiveCfg = Ad-Hoc|iPhone
		{712E9DF1-4722-4814-B86F-D43D4B4246CA}.Ad-Hoc|ARM.Build.0 = Ad-Hoc|iPhone
		{712E9DF1-4722-4814-B86F-D43D4B4246CA}.Ad-Hoc|ARM.Deploy.0 = Ad-Hoc|iPhone
		{712E9DF1-4722-4814-B86F-D43D4B4246CA}.Ad-Hoc|iPhone.ActiveCfg = Ad-Hoc|iPhone
		{712E9DF1-4722-4814-B86F-D43D4B4246CA}.Ad-Hoc|iPhone.Build.0 = Ad-Hoc|iPhone
		{712E9DF1-4722-4814-B86F-D43D4B4246CA}.Ad-Hoc|iPhone.Deploy.0 = Ad-Hoc|iPhone
		{712E9DF1-4722-4814-B86F-D43D4B4246CA}.Ad-Hoc|iPhoneSimulator.ActiveCfg = Ad-Hoc|iPhoneSimulator
		{712E9DF1-4722-4814-B86F-D43D4B4246CA}.Ad-Hoc|iPhoneSimulator.Build.0 = Ad-Hoc|iPhoneSimulator
		{712E9DF1-4722-4814-B86F-D43D4B4246CA}.Ad-Hoc|iPhoneSimulator.Deploy.0 = Ad-Hoc|iPhoneSimulator
		{712E9DF1-4722-4814-B86F-D43D4B4246CA}.Ad-Hoc|x64.ActiveCfg = Ad-Hoc|iPhone
		{712E9DF1-4722-4814-B86F-D43D4B4246CA}.Ad-Hoc|x64.Build.0 = Ad-Hoc|iPhone
		{712E9DF1-4722-4814-B86F-D43D4B4246CA}.Ad-Hoc|x64.Deploy.0 = Ad-Hoc|iPhone
		{712E9DF1-4722-4814-B86F-D43D4B4246CA}.Ad-Hoc|x86.ActiveCfg = Ad-Hoc|iPhone
		{712E9DF1-4722-4814-B86F-D43D4B4246CA}.Ad-Hoc|x86.Build.0 = Ad-Hoc|iPhone
		{712E9DF1-4722-4814-B86F-D43D4B4246CA}.Ad-Hoc|x86.Deploy.0 = Ad-Hoc|iPhone
		{712E9DF1-4722-4814-B86F-D43D4B4246CA}.AppStore|Any CPU.ActiveCfg = AppStore|iPhone
		{712E9DF1-4722-4814-B86F-D43D4B4246CA}.AppStore|Any CPU.Build.0 = AppStore|iPhone
		{712E9DF1-4722-4814-B86F-D43D4B4246CA}.AppStore|Any CPU.Deploy.0 = AppStore|iPhone
		{712E9DF1-4722-4814-B86F-D43D4B4246CA}.AppStore|ARM.ActiveCfg = AppStore|iPhone
		{712E9DF1-4722-4814-B86F-D43D4B4246CA}.AppStore|ARM.Build.0 = AppStore|iPhone
		{712E9DF1-4722-4814-B86F-D43D4B4246CA}.AppStore|ARM.Deploy.0 = AppStore|iPhone
		{712E9DF1-4722-4814-B86F-D43D4B4246CA}.AppStore|iPhone.ActiveCfg = AppStore|iPhone
		{712E9DF1-4722-4814-B86F-D43D4B4246CA}.AppStore|iPhone.Build.0 = AppStore|iPhone
		{712E9DF1-4722-4814-B86F-D43D4B4246CA}.AppStore|iPhone.Deploy.0 = AppStore|iPhone
		{712E9DF1-4722-4814-B86F-D43D4B4246CA}.AppStore|iPhoneSimulator.ActiveCfg = AppStore|iPhoneSimulator
		{712E9DF1-4722-4814-B86F-D43D4B4246CA}.AppStore|iPhoneSimulator.Build.0 = AppStore|iPhoneSimulator
		{712E9DF1-4722-4814-B86F-D43D4B4246CA}.AppStore|iPhoneSimulator.Deploy.0 = AppStore|iPhoneSimulator
		{712E9DF1-4722-4814-B86F-D43D4B4246CA}.AppStore|x64.ActiveCfg = AppStore|iPhone
		{712E9DF1-4722-4814-B86F-D43D4B4246CA}.AppStore|x64.Build.0 = AppStore|iPhone
		{712E9DF1-4722-4814-B86F-D43D4B4246CA}.AppStore|x64.Deploy.0 = AppStore|iPhone
		{712E9DF1-4722-4814-B86F-D43D4B4246CA}.AppStore|x86.ActiveCfg = AppStore|iPhone
		{712E9DF1-4722-4814-B86F-D43D4B4246CA}.AppStore|x86.Build.0 = AppStore|iPhone
		{712E9DF1-4722-4814-B86F-D43D4B4246CA}.AppStore|x86.Deploy.0 = AppStore|iPhone
		{712E9DF1-4722-4814-B86F-D43D4B4246CA}.Debug|Any CPU.ActiveCfg = Debug|iPhoneSimulator
		{712E9DF1-4722-4814-B86F-D43D4B4246CA}.Debug|Any CPU.Build.0 = Debug|iPhoneSimulator
		{712E9DF1-4722-4814-B86F-D43D4B4246CA}.Debug|Any CPU.Deploy.0 = Debug|iPhoneSimulator
		{712E9DF1-4722-4814-B86F-D43D4B4246CA}.Debug|ARM.ActiveCfg = Debug|iPhone
		{712E9DF1-4722-4814-B86F-D43D4B4246CA}.Debug|ARM.Build.0 = Debug|iPhone
		{712E9DF1-4722-4814-B86F-D43D4B4246CA}.Debug|ARM.Deploy.0 = Debug|iPhone
		{712E9DF1-4722-4814-B86F-D43D4B4246CA}.Debug|iPhone.ActiveCfg = Debug|iPhone
		{712E9DF1-4722-4814-B86F-D43D4B4246CA}.Debug|iPhone.Build.0 = Debug|iPhone
		{712E9DF1-4722-4814-B86F-D43D4B4246CA}.Debug|iPhone.Deploy.0 = Debug|iPhone
		{712E9DF1-4722-4814-B86F-D43D4B4246CA}.Debug|iPhoneSimulator.ActiveCfg = Debug|iPhoneSimulator
		{712E9DF1-4722-4814-B86F-D43D4B4246CA}.Debug|iPhoneSimulator.Build.0 = Debug|iPhoneSimulator
		{712E9DF1-4722-4814-B86F-D43D4B4246CA}.Debug|iPhoneSimulator.Deploy.0 = Debug|iPhoneSimulator
		{712E9DF1-4722-4814-B86F-D43D4B4246CA}.Debug|x64.ActiveCfg = Debug|iPhone
		{712E9DF1-4722-4814-B86F-D43D4B4246CA}.Debug|x64.Build.0 = Debug|iPhone
		{712E9DF1-4722-4814-B86F-D43D4B4246CA}.Debug|x64.Deploy.0 = Debug|iPhone
		{712E9DF1-4722-4814-B86F-D43D4B4246CA}.Debug|x86.ActiveCfg = Debug|iPhone
		{712E9DF1-4722-4814-B86F-D43D4B4246CA}.Debug|x86.Build.0 = Debug|iPhone
		{712E9DF1-4722-4814-B86F-D43D4B4246CA}.Debug|x86.Deploy.0 = Debug|iPhone
		{712E9DF1-4722-4814-B86F-D43D4B4246CA}.Release|Any CPU.ActiveCfg = Release|iPhone
		{712E9DF1-4722-4814-B86F-D43D4B4246CA}.Release|Any CPU.Build.0 = Release|iPhone
		{712E9DF1-4722-4814-B86F-D43D4B4246CA}.Release|Any CPU.Deploy.0 = Release|iPhone
		{712E9DF1-4722-4814-B86F-D43D4B4246CA}.Release|ARM.ActiveCfg = Release|iPhone
		{712E9DF1-4722-4814-B86F-D43D4B4246CA}.Release|ARM.Build.0 = Release|iPhone
		{712E9DF1-4722-4814-B86F-D43D4B4246CA}.Release|ARM.Deploy.0 = Release|iPhone
		{712E9DF1-4722-4814-B86F-D43D4B4246CA}.Release|iPhone.ActiveCfg = Release|iPhone
		{712E9DF1-4722-4814-B86F-D43D4B4246CA}.Release|iPhone.Build.0 = Release|iPhone
		{712E9DF1-4722-4814-B86F-D43D4B4246CA}.Release|iPhone.Deploy.0 = Release|iPhone
		{712E9DF1-4722-4814-B86F-D43D4B4246CA}.Release|iPhoneSimulator.ActiveCfg = Release|iPhoneSimulator
		{712E9DF1-4722-4814-B86F-D43D4B4246CA}.Release|iPhoneSimulator.Build.0 = Release|iPhoneSimulator
		{712E9DF1-4722-4814-B86F-D43D4B4246CA}.Release|iPhoneSimulator.Deploy.0 = Release|iPhoneSimulator
		{712E9DF1-4722-4814-B86F-D43D4B4246CA}.Release|x64.ActiveCfg = Release|iPhone
		{712E9DF1-4722-4814-B86F-D43D4B4246CA}.Release|x64.Build.0 = Release|iPhone
		{712E9DF1-4722-4814-B86F-D43D4B4246CA}.Release|x64.Deploy.0 = Release|iPhone
		{712E9DF1-4722-4814-B86F-D43D4B4246CA}.Release|x86.ActiveCfg = Release|iPhone
		{712E9DF1-4722-4814-B86F-D43D4B4246CA}.Release|x86.Build.0 = Release|iPhone
		{712E9DF1-4722-4814-B86F-D43D4B4246CA}.Release|x86.Deploy.0 = Release|iPhone
		{4C4A956C-1B09-47DF-9C71-C350DAD84302}.Ad-Hoc|Any CPU.ActiveCfg = Release|x86
		{4C4A956C-1B09-47DF-9C71-C350DAD84302}.Ad-Hoc|Any CPU.Build.0 = Release|x86
		{4C4A956C-1B09-47DF-9C71-C350DAD84302}.Ad-Hoc|Any CPU.Deploy.0 = Release|x86
		{4C4A956C-1B09-47DF-9C71-C350DAD84302}.Ad-Hoc|ARM.ActiveCfg = Release|ARM
		{4C4A956C-1B09-47DF-9C71-C350DAD84302}.Ad-Hoc|ARM.Build.0 = Release|ARM
		{4C4A956C-1B09-47DF-9C71-C350DAD84302}.Ad-Hoc|ARM.Deploy.0 = Release|ARM
		{4C4A956C-1B09-47DF-9C71-C350DAD84302}.Ad-Hoc|iPhone.ActiveCfg = Release|x86
		{4C4A956C-1B09-47DF-9C71-C350DAD84302}.Ad-Hoc|iPhone.Build.0 = Release|x86
		{4C4A956C-1B09-47DF-9C71-C350DAD84302}.Ad-Hoc|iPhone.Deploy.0 = Release|x86
		{4C4A956C-1B09-47DF-9C71-C350DAD84302}.Ad-Hoc|iPhoneSimulator.ActiveCfg = Release|x86
		{4C4A956C-1B09-47DF-9C71-C350DAD84302}.Ad-Hoc|iPhoneSimulator.Build.0 = Release|x86
		{4C4A956C-1B09-47DF-9C71-C350DAD84302}.Ad-Hoc|iPhoneSimulator.Deploy.0 = Release|x86
		{4C4A956C-1B09-47DF-9C71-C350DAD84302}.Ad-Hoc|x64.ActiveCfg = Release|x64
		{4C4A956C-1B09-47DF-9C71-C350DAD84302}.Ad-Hoc|x64.Build.0 = Release|x64
		{4C4A956C-1B09-47DF-9C71-C350DAD84302}.Ad-Hoc|x64.Deploy.0 = Release|x64
		{4C4A956C-1B09-47DF-9C71-C350DAD84302}.Ad-Hoc|x86.ActiveCfg = Release|x86
		{4C4A956C-1B09-47DF-9C71-C350DAD84302}.Ad-Hoc|x86.Build.0 = Release|x86
		{4C4A956C-1B09-47DF-9C71-C350DAD84302}.Ad-Hoc|x86.Deploy.0 = Release|x86
		{4C4A956C-1B09-47DF-9C71-C350DAD84302}.AppStore|Any CPU.ActiveCfg = Release|x86
		{4C4A956C-1B09-47DF-9C71-C350DAD84302}.AppStore|Any CPU.Build.0 = Release|x86
		{4C4A956C-1B09-47DF-9C71-C350DAD84302}.AppStore|Any CPU.Deploy.0 = Release|x86
		{4C4A956C-1B09-47DF-9C71-C350DAD84302}.AppStore|ARM.ActiveCfg = Release|ARM
		{4C4A956C-1B09-47DF-9C71-C350DAD84302}.AppStore|ARM.Build.0 = Release|ARM
		{4C4A956C-1B09-47DF-9C71-C350DAD84302}.AppStore|ARM.Deploy.0 = Release|ARM
		{4C4A956C-1B09-47DF-9C71-C350DAD84302}.AppStore|iPhone.ActiveCfg = Release|x86
		{4C4A956C-1B09-47DF-9C71-C350DAD84302}.AppStore|iPhone.Build.0 = Release|x86
		{4C4A956C-1B09-47DF-9C71-C350DAD84302}.AppStore|iPhone.Deploy.0 = Release|x86
		{4C4A956C-1B09-47DF-9C71-C350DAD84302}.AppStore|iPhoneSimulator.ActiveCfg = Release|x86
		{4C4A956C-1B09-47DF-9C71-C350DAD84302}.AppStore|iPhoneSimulator.Build.0 = Release|x86
		{4C4A956C-1B09-47DF-9C71-C350DAD84302}.AppStore|iPhoneSimulator.Deploy.0 = Release|x86
		{4C4A956C-1B09-47DF-9C71-C350DAD84302}.AppStore|x64.ActiveCfg = Release|x64
		{4C4A956C-1B09-47DF-9C71-C350DAD84302}.AppStore|x64.Build.0 = Release|x64
		{4C4A956C-1B09-47DF-9C71-C350DAD84302}.AppStore|x64.Deploy.0 = Release|x64
		{4C4A956C-1B09-47DF-9C71-C350DAD84302}.AppStore|x86.ActiveCfg = Release|x86
		{4C4A956C-1B09-47DF-9C71-C350DAD84302}.AppStore|x86.Build.0 = Release|x86
		{4C4A956C-1B09-47DF-9C71-C350DAD84302}.AppStore|x86.Deploy.0 = Release|x86
		{4C4A956C-1B09-47DF-9C71-C350DAD84302}.Debug|Any CPU.ActiveCfg = Debug|x86
		{4C4A956C-1B09-47DF-9C71-C350DAD84302}.Debug|Any CPU.Build.0 = Debug|x86
		{4C4A956C-1B09-47DF-9C71-C350DAD84302}.Debug|Any CPU.Deploy.0 = Debug|x86
		{4C4A956C-1B09-47DF-9C71-C350DAD84302}.Debug|ARM.ActiveCfg = Debug|ARM
		{4C4A956C-1B09-47DF-9C71-C350DAD84302}.Debug|ARM.Build.0 = Debug|ARM
		{4C4A956C-1B09-47DF-9C71-C350DAD84302}.Debug|ARM.Deploy.0 = Debug|ARM
		{4C4A956C-1B09-47DF-9C71-C350DAD84302}.Debug|iPhone.ActiveCfg = Debug|x86
		{4C4A956C-1B09-47DF-9C71-C350DAD84302}.Debug|iPhone.Build.0 = Debug|x86
		{4C4A956C-1B09-47DF-9C71-C350DAD84302}.Debug|iPhone.Deploy.0 = Debug|x86
		{4C4A956C-1B09-47DF-9C71-C350DAD84302}.Debug|iPhoneSimulator.ActiveCfg = Debug|x86
		{4C4A956C-1B09-47DF-9C71-C350DAD84302}.Debug|iPhoneSimulator.Build.0 = Debug|x86
		{4C4A956C-1B09-47DF-9C71-C350DAD84302}.Debug|iPhoneSimulator.Deploy.0 = Debug|x86
		{4C4A956C-1B09-47DF-9C71-C350DAD84302}.Debug|x64.ActiveCfg = Debug|x64
		{4C4A956C-1B09-47DF-9C71-C350DAD84302}.Debug|x64.Build.0 = Debug|x64
		{4C4A956C-1B09-47DF-9C71-C350DAD84302}.Debug|x64.Deploy.0 = Debug|x64
		{4C4A956C-1B09-47DF-9C71-C350DAD84302}.Debug|x86.ActiveCfg = Debug|x86
		{4C4A956C-1B09-47DF-9C71-C350DAD84302}.Debug|x86.Build.0 = Debug|x86
		{4C4A956C-1B09-47DF-9C71-C350DAD84302}.Debug|x86.Deploy.0 = Debug|x86
		{4C4A956C-1B09-47DF-9C71-C350DAD84302}.Release|Any CPU.ActiveCfg = Release|x86
		{4C4A956C-1B09-47DF-9C71-C350DAD84302}.Release|Any CPU.Build.0 = Release|x86
		{4C4A956C-1B09-47DF-9C71-C350DAD84302}.Release|Any CPU.Deploy.0 = Release|x86
		{4C4A956C-1B09-47DF-9C71-C350DAD84302}.Release|ARM.ActiveCfg = Release|ARM
		{4C4A956C-1B09-47DF-9C71-C350DAD84302}.Release|ARM.Build.0 = Release|ARM
		{4C4A956C-1B09-47DF-9C71-C350DAD84302}.Release|ARM.Deploy.0 = Release|ARM
		{4C4A956C-1B09-47DF-9C71-C350DAD84302}.Release|iPhone.ActiveCfg = Release|x86
		{4C4A956C-1B09-47DF-9C71-C350DAD84302}.Release|iPhone.Build.0 = Release|x86
		{4C4A956C-1B09-47DF-9C71-C350DAD84302}.Release|iPhone.Deploy.0 = Release|x86
		{4C4A956C-1B09-47DF-9C71-C350DAD84302}.Release|iPhoneSimulator.ActiveCfg = Release|x86
		{4C4A956C-1B09-47DF-9C71-C350DAD84302}.Release|iPhoneSimulator.Build.0 = Release|x86
		{4C4A956C-1B09-47DF-9C71-C350DAD84302}.Release|iPhoneSimulator.Deploy.0 = Release|x86
		{4C4A956C-1B09-47DF-9C71-C350DAD84302}.Release|x64.ActiveCfg = Release|x64
		{4C4A956C-1B09-47DF-9C71-C350DAD84302}.Release|x64.Build.0 = Release|x64
		{4C4A956C-1B09-47DF-9C71-C350DAD84302}.Release|x64.Deploy.0 = Release|x64
		{4C4A956C-1B09-47DF-9C71-C350DAD84302}.Release|x86.ActiveCfg = Release|x86
		{4C4A956C-1B09-47DF-9C71-C350DAD84302}.Release|x86.Build.0 = Release|x86
		{4C4A956C-1B09-47DF-9C71-C350DAD84302}.Release|x86.Deploy.0 = Release|x86
		{D6D8F2F8-F46D-4F4D-9548-53652B913C91}.Ad-Hoc|Any CPU.ActiveCfg = Debug|Any CPU
		{D6D8F2F8-F46D-4F4D-9548-53652B913C91}.Ad-Hoc|Any CPU.Build.0 = Debug|Any CPU
		{D6D8F2F8-F46D-4F4D-9548-53652B913C91}.Ad-Hoc|Any CPU.Deploy.0 = Debug|Any CPU
		{D6D8F2F8-F46D-4F4D-9548-53652B913C91}.Ad-Hoc|ARM.ActiveCfg = Debug|Any CPU
		{D6D8F2F8-F46D-4F4D-9548-53652B913C91}.Ad-Hoc|ARM.Build.0 = Debug|Any CPU
		{D6D8F2F8-F46D-4F4D-9548-53652B913C91}.Ad-Hoc|ARM.Deploy.0 = Debug|Any CPU
		{D6D8F2F8-F46D-4F4D-9548-53652B913C91}.Ad-Hoc|iPhone.ActiveCfg = Debug|Any CPU
		{D6D8F2F8-F46D-4F4D-9548-53652B913C91}.Ad-Hoc|iPhone.Build.0 = Debug|Any CPU
		{D6D8F2F8-F46D-4F4D-9548-53652B913C91}.Ad-Hoc|iPhone.Deploy.0 = Debug|Any CPU
		{D6D8F2F8-F46D-4F4D-9548-53652B913C91}.Ad-Hoc|iPhoneSimulator.ActiveCfg = Debug|Any CPU
		{D6D8F2F8-F46D-4F4D-9548-53652B913C91}.Ad-Hoc|iPhoneSimulator.Build.0 = Debug|Any CPU
		{D6D8F2F8-F46D-4F4D-9548-53652B913C91}.Ad-Hoc|iPhoneSimulator.Deploy.0 = Debug|Any CPU
		{D6D8F2F8-F46D-4F4D-9548-53652B913C91}.Ad-Hoc|x64.ActiveCfg = Debug|Any CPU
		{D6D8F2F8-F46D-4F4D-9548-53652B913C91}.Ad-Hoc|x64.Build.0 = Debug|Any CPU
		{D6D8F2F8-F46D-4F4D-9548-53652B913C91}.Ad-Hoc|x64.Deploy.0 = Debug|Any CPU
		{D6D8F2F8-F46D-4F4D-9548-53652B913C91}.Ad-Hoc|x86.ActiveCfg = Debug|Any CPU
		{D6D8F2F8-F46D-4F4D-9548-53652B913C91}.Ad-Hoc|x86.Build.0 = Debug|Any CPU
		{D6D8F2F8-F46D-4F4D-9548-53652B913C91}.Ad-Hoc|x86.Deploy.0 = Debug|Any CPU
		{D6D8F2F8-F46D-4F4D-9548-53652B913C91}.AppStore|Any CPU.ActiveCfg = Debug|Any CPU
		{D6D8F2F8-F46D-4F4D-9548-53652B913C91}.AppStore|Any CPU.Build.0 = Debug|Any CPU
		{D6D8F2F8-F46D-4F4D-9548-53652B913C91}.AppStore|Any CPU.Deploy.0 = Debug|Any CPU
		{D6D8F2F8-F46D-4F4D-9548-53652B913C91}.AppStore|ARM.ActiveCfg = Debug|Any CPU
		{D6D8F2F8-F46D-4F4D-9548-53652B913C91}.AppStore|ARM.Build.0 = Debug|Any CPU
		{D6D8F2F8-F46D-4F4D-9548-53652B913C91}.AppStore|ARM.Deploy.0 = Debug|Any CPU
		{D6D8F2F8-F46D-4F4D-9548-53652B913C91}.AppStore|iPhone.ActiveCfg = Debug|Any CPU
		{D6D8F2F8-F46D-4F4D-9548-53652B913C91}.AppStore|iPhone.Build.0 = Debug|Any CPU
		{D6D8F2F8-F46D-4F4D-9548-53652B913C91}.AppStore|iPhone.Deploy.0 = Debug|Any CPU
		{D6D8F2F8-F46D-4F4D-9548-53652B913C91}.AppStore|iPhoneSimulator.ActiveCfg = Debug|Any CPU
		{D6D8F2F8-F46D-4F4D-9548-53652B913C91}.AppStore|iPhoneSimulator.Build.0 = Debug|Any CPU
		{D6D8F2F8-F46D-4F4D-9548-53652B913C91}.AppStore|iPhoneSimulator.Deploy.0 = Debug|Any CPU
		{D6D8F2F8-F46D-4F4D-9548-53652B913C91}.AppStore|x64.ActiveCfg = Debug|Any CPU
		{D6D8F2F8-F46D-4F4D-9548-53652B913C91}.AppStore|x64.Build.0 = Debug|Any CPU
		{D6D8F2F8-F46D-4F4D-9548-53652B913C91}.AppStore|x64.Deploy.0 = Debug|Any CPU
		{D6D8F2F8-F46D-4F4D-9548-53652B913C91}.AppStore|x86.ActiveCfg = Debug|Any CPU
		{D6D8F2F8-F46D-4F4D-9548-53652B913C91}.AppStore|x86.Build.0 = Debug|Any CPU
		{D6D8F2F8-F46D-4F4D-9548-53652B913C91}.AppStore|x86.Deploy.0 = Debug|Any CPU
		{D6D8F2F8-F46D-4F4D-9548-53652B913C91}.Debug|Any CPU.ActiveCfg = Debug|Any CPU
		{D6D8F2F8-F46D-4F4D-9548-53652B913C91}.Debug|Any CPU.Build.0 = Debug|Any CPU
		{D6D8F2F8-F46D-4F4D-9548-53652B913C91}.Debug|Any CPU.Deploy.0 = Debug|Any CPU
		{D6D8F2F8-F46D-4F4D-9548-53652B913C91}.Debug|ARM.ActiveCfg = Debug|Any CPU
		{D6D8F2F8-F46D-4F4D-9548-53652B913C91}.Debug|ARM.Build.0 = Debug|Any CPU
		{D6D8F2F8-F46D-4F4D-9548-53652B913C91}.Debug|ARM.Deploy.0 = Debug|Any CPU
		{D6D8F2F8-F46D-4F4D-9548-53652B913C91}.Debug|iPhone.ActiveCfg = Debug|Any CPU
		{D6D8F2F8-F46D-4F4D-9548-53652B913C91}.Debug|iPhone.Build.0 = Debug|Any CPU
		{D6D8F2F8-F46D-4F4D-9548-53652B913C91}.Debug|iPhone.Deploy.0 = Debug|Any CPU
		{D6D8F2F8-F46D-4F4D-9548-53652B913C91}.Debug|iPhoneSimulator.ActiveCfg = Debug|Any CPU
		{D6D8F2F8-F46D-4F4D-9548-53652B913C91}.Debug|iPhoneSimulator.Build.0 = Debug|Any CPU
		{D6D8F2F8-F46D-4F4D-9548-53652B913C91}.Debug|iPhoneSimulator.Deploy.0 = Debug|Any CPU
		{D6D8F2F8-F46D-4F4D-9548-53652B913C91}.Debug|x64.ActiveCfg = Debug|Any CPU
		{D6D8F2F8-F46D-4F4D-9548-53652B913C91}.Debug|x64.Build.0 = Debug|Any CPU
		{D6D8F2F8-F46D-4F4D-9548-53652B913C91}.Debug|x64.Deploy.0 = Debug|Any CPU
		{D6D8F2F8-F46D-4F4D-9548-53652B913C91}.Debug|x86.ActiveCfg = Debug|Any CPU
		{D6D8F2F8-F46D-4F4D-9548-53652B913C91}.Debug|x86.Build.0 = Debug|Any CPU
		{D6D8F2F8-F46D-4F4D-9548-53652B913C91}.Debug|x86.Deploy.0 = Debug|Any CPU
		{D6D8F2F8-F46D-4F4D-9548-53652B913C91}.Release|Any CPU.ActiveCfg = Release|Any CPU
		{D6D8F2F8-F46D-4F4D-9548-53652B913C91}.Release|Any CPU.Build.0 = Release|Any CPU
		{D6D8F2F8-F46D-4F4D-9548-53652B913C91}.Release|Any CPU.Deploy.0 = Release|Any CPU
		{D6D8F2F8-F46D-4F4D-9548-53652B913C91}.Release|ARM.ActiveCfg = Release|Any CPU
		{D6D8F2F8-F46D-4F4D-9548-53652B913C91}.Release|ARM.Build.0 = Release|Any CPU
		{D6D8F2F8-F46D-4F4D-9548-53652B913C91}.Release|ARM.Deploy.0 = Release|Any CPU
		{D6D8F2F8-F46D-4F4D-9548-53652B913C91}.Release|iPhone.ActiveCfg = Release|Any CPU
		{D6D8F2F8-F46D-4F4D-9548-53652B913C91}.Release|iPhone.Build.0 = Release|Any CPU
		{D6D8F2F8-F46D-4F4D-9548-53652B913C91}.Release|iPhone.Deploy.0 = Release|Any CPU
		{D6D8F2F8-F46D-4F4D-9548-53652B913C91}.Release|iPhoneSimulator.ActiveCfg = Release|Any CPU
		{D6D8F2F8-F46D-4F4D-9548-53652B913C91}.Release|iPhoneSimulator.Build.0 = Release|Any CPU
		{D6D8F2F8-F46D-4F4D-9548-53652B913C91}.Release|iPhoneSimulator.Deploy.0 = Release|Any CPU
		{D6D8F2F8-F46D-4F4D-9548-53652B913C91}.Release|x64.ActiveCfg = Release|Any CPU
		{D6D8F2F8-F46D-4F4D-9548-53652B913C91}.Release|x64.Build.0 = Release|Any CPU
		{D6D8F2F8-F46D-4F4D-9548-53652B913C91}.Release|x64.Deploy.0 = Release|Any CPU
		{D6D8F2F8-F46D-4F4D-9548-53652B913C91}.Release|x86.ActiveCfg = Release|Any CPU
		{D6D8F2F8-F46D-4F4D-9548-53652B913C91}.Release|x86.Build.0 = Release|Any CPU
		{D6D8F2F8-F46D-4F4D-9548-53652B913C91}.Release|x86.Deploy.0 = Release|Any CPU
	EndGlobalSection
	GlobalSection(SolutionProperties) = preSolution
		HideSolutionNode = FALSE
	EndGlobalSection
	GlobalSection(ExtensibilityGlobals) = postSolution
		SolutionGuid = {2528A258-9870-4E00-916B-3A662BE2C2FF}
	EndGlobalSection
EndGlobal
